{
    "_readme": [
        "This file locks the dependencies of your project to a known state",
        "Read more about it at https://getcomposer.org/doc/01-basic-usage.md#composer-lock-the-lock-file",
        "This file is @generated automatically"
    ],
    "hash": "35bcabba47d4f34cc94498fe99074dd3",
    "packages": [
        {
            "name": "overtrue/wechat",
            "version": "2.1.14",
            "source": {
                "type": "git",
                "url": "https://github.com/overtrue/wechat.git",
                "reference": "e6e305aaf473d3f7b1bb1bd703a17229da0a9638"
            },
            "dist": {
                "type": "zip",
                "url": "https://api.github.com/repos/overtrue/wechat/zipball/e6e305aaf473d3f7b1bb1bd703a17229da0a9638",
                "reference": "e6e305aaf473d3f7b1bb1bd703a17229da0a9638",
                "shasum": ""
            },
            "require": {
                "ext-mcrypt": "*",
                "php": ">=5.3"
            },
            "type": "library",
            "autoload": {
                "psr-4": {
                    "Overtrue\\Wechat\\": "src/Wechat/"
                }
            },
            "notification-url": "https://packagist.org/downloads/",
            "license": [
                "MIT"
            ],
            "authors": [
                {
                    "name": "overtrue",
                    "email": "anzhengchao@gmail.com"
                }
            ],
            "description": "微信SDK",
            "keywords": [
                "sdk",
                "wechat",
                "weixin",
                "weixin-sdk"
            ],
            "time": "2015-10-17 11:20:53"
        },
        {
            "name": "symfony/var-dumper",
            "version": "v2.7.5",
            "source": {
                "type": "git",
                "url": "https://github.com/symfony/var-dumper.git",
                "reference": "ba8c9a0edf18f70a7efcb8d3eb35323a10263338"
            },
            "dist": {
                "type": "zip",
                "url": "https://api.github.com/repos/symfony/var-dumper/zipball/ba8c9a0edf18f70a7efcb8d3eb35323a10263338",
                "reference": "ba8c9a0edf18f70a7efcb8d3eb35323a10263338",
                "shasum": ""
            },
            "require": {
                "php": ">=5.3.9"
            },
            "require-dev": {
                "symfony/phpunit-bridge": "~2.7"
            },
            "suggest": {
                "ext-symfony_debug": ""
            },
            "type": "library",
            "extra": {
                "branch-alias": {
                    "dev-master": "2.7-dev"
                }
            },
            "autoload": {
                "files": [
                    "Resources/functions/dump.php"
                ],
                "psr-4": {
                    "Symfony\\Component\\VarDumper\\": ""
                }
            },
            "notification-url": "https://packagist.org/downloads/",
            "license": [
                "MIT"
            ],
            "authors": [
                {
                    "name": "Nicolas Grekas",
                    "email": "p@tchwork.com"
                },
                {
                    "name": "Symfony Community",
                    "homepage": "https://symfony.com/contributors"
                }
            ],
            "description": "Symfony mechanism for exploring and dumping PHP variables",
            "homepage": "https://symfony.com",
            "keywords": [
                "debug",
                "dump"
            ],
            "time": "2015-09-22 14:41:01"
        }
    ],
    "packages-dev": [],
    "aliases": [],
    "minimum-stability": "dev",
    "stability-flags": [],
    "prefer-stable": false,
    "prefer-lowest": false,
    "platform": {
        "php": ">=5.3",
        "ext-mcrypt": "*"
    },
    "platform-dev": []
}
